# THIS IS AN AUTOGENERATED FILE. DO NOT EDIT THIS FILE DIRECTLY.
# yarn lockfile v1


"@googlemaps/js-api-loader@1.15.1":
  version "1.15.1"
  resolved "https://registry.yarnpkg.com/@googlemaps/js-api-loader/-/js-api-loader-1.15.1.tgz#7d5f1d55a4ec5c99b1d8f0708f3a46b83a71384c"
  integrity sha512-AsnEgNsB7S/VdrHGEQUaUM2e5tmjFGKBAfzR/AqO8O7TPq/jQGvoRw5liPBw4EMF38RDsHmKDV89q/X+qiUREQ==
  dependencies:
    fast-deep-equal "^3.1.3"

"@googlemaps/markerclusterer@2.0.15":
  version "2.0.15"
  resolved "https://registry.yarnpkg.com/@googlemaps/markerclusterer/-/markerclusterer-2.0.15.tgz#72052a23a061789c6055a13713b8852359cc03a9"
  integrity sha512-/I6Esi5FtyeVHsezN9Kut8zRJoqe7KkTIJXGVqpKFf6BjC7qQ1xRajLMkOz0s8XKgLevbr+KdYjuvmj+LohOGg==
  dependencies:
    fast-deep-equal "^3.1.3"
    supercluster "^7.1.3"

"@react-google-maps/api@^2.18.1":
  version "2.18.1"
  resolved "https://registry.yarnpkg.com/@react-google-maps/api/-/api-2.18.1.tgz#140bb134f50c98939b6eb440d01dbb7df562090c"
  integrity sha512-KVlUO/Shh+0g/3egWaKmY0sz6+0QOnYkBGvrBMJbz23519LauA+iJFc4NDCmWNHqD5Vhb/Bkg0kSJgq0Stz3Iw==
  dependencies:
    "@googlemaps/js-api-loader" "1.15.1"
    "@googlemaps/markerclusterer" "2.0.15"
    "@react-google-maps/infobox" "2.16.0"
    "@react-google-maps/marker-clusterer" "2.16.1"
    "@types/google.maps" "3.50.5"
    invariant "2.2.4"

"@react-google-maps/infobox@2.16.0":
  version "2.16.0"
  resolved "https://registry.yarnpkg.com/@react-google-maps/infobox/-/infobox-2.16.0.tgz#871423de1a1ffb08518927b083b239d92e58ce4e"
  integrity sha512-ZojiMS25388RcUHQPycUAerSqdHDom+3dHczVcXHdT/i8fka3O8InkHxXwMhvBoM143ips7mv2BPaYOAJ5f4Nw==

"@react-google-maps/marker-clusterer@2.16.1":
  version "2.16.1"
  resolved "https://registry.yarnpkg.com/@react-google-maps/marker-clusterer/-/marker-clusterer-2.16.1.tgz#882878a7b49ce9ae44c7b02ff6fbc4c2aeb77c95"
  integrity sha512-jOuyqzWLeXvQcoAu6TCVWHAuko+sDt0JjawNHBGqUNLywMtTCvYP0L0PiqJZOUCUeRYGdUy0AKxQ+30vAkvwag==

"@types/google.maps@3.50.5":
  version "3.50.5"
  resolved "https://registry.yarnpkg.com/@types/google.maps/-/google.maps-3.50.5.tgz#a0d12675b547205fc163c4b8d999db305ba3862a"
  integrity sha512-RuZf1MJtctGlpW+Gd4a/eGtAufUDjMf+eyN1l+B3fbe2YLScJbg8KEljJfb+6vnSPFAeM1/48geVIEg3vqOkxw==

asynckit@^0.4.0:
  version "0.4.0"
  resolved "https://registry.yarnpkg.com/asynckit/-/asynckit-0.4.0.tgz#c79ed97f7f34cb8f2ba1bc9790bcc366474b4b79"
  integrity sha512-Oei9OH4tRh0YqU3GxhX79dM/mwVgvbZJaSNaRk+bshkj0S5cfHcgYakreBjrHwatXKbz+IoIdYLxrKim2MjW0Q==

axios@^1.2.4:
  version "1.2.4"
  resolved "https://registry.yarnpkg.com/axios/-/axios-1.2.4.tgz#6555dd955d2efa9b8f4cb4cb0b3371b7b243537a"
  integrity sha512-lIQuCfBJvZB/Bv7+RWUqEJqNShGOVpk9v7P0ZWx5Ip0qY6u7JBAU6dzQPMLasU9vHL2uD8av/1FDJXj7n6c39w==
  dependencies:
    follow-redirects "^1.15.0"
    form-data "^4.0.0"
    proxy-from-env "^1.1.0"

combined-stream@^1.0.8:
  version "1.0.8"
  resolved "https://registry.yarnpkg.com/combined-stream/-/combined-stream-1.0.8.tgz#c3d45a8b34fd730631a110a8a2520682b31d5a7f"
  integrity sha512-FQN4MRfuJeHf7cBbBMJFXhKSDq+2kAArBlmRBvcvFE5BB1HZKXtSFASDhdlz9zOYwxh8lDdnvmMOe/+5cdoEdg==
  dependencies:
    delayed-stream "~1.0.0"

delayed-stream@~1.0.0:
  version "1.0.0"
  resolved "https://registry.yarnpkg.com/delayed-stream/-/delayed-stream-1.0.0.tgz#df3ae199acadfb7d440aaae0b29e2272b24ec619"
  integrity sha512-ZySD7Nf91aLB0RxL4KGrKHBXl7Eds1DAmEdcoVawXnLD7SDhpNgtuII2aAkg7a7QS41jxPSZ17p4VdGnMHk3MQ==

dom-serializer@^2.0.0:
  version "2.0.0"
  resolved "https://registry.yarnpkg.com/dom-serializer/-/dom-serializer-2.0.0.tgz#e41b802e1eedf9f6cae183ce5e622d789d7d8e53"
  integrity sha512-wIkAryiqt/nV5EQKqQpo3SToSOV9J0DnbJqwK7Wv/Trc92zIAYZ4FlMu+JPFW1DfGFt81ZTCGgDEabffXeLyJg==
  dependencies:
    domelementtype "^2.3.0"
    domhandler "^5.0.2"
    entities "^4.2.0"

domelementtype@^2.3.0:
  version "2.3.0"
  resolved "https://registry.yarnpkg.com/domelementtype/-/domelementtype-2.3.0.tgz#5c45e8e869952626331d7aab326d01daf65d589d"
  integrity sha512-OLETBj6w0OsagBwdXnPdN0cnMfF9opN69co+7ZrbfPGrdpPVNBUj02spi6B1N7wChLQiPn4CSH/zJvXw56gmHw==

domhandler@5.0.3, domhandler@^5.0.1, domhandler@^5.0.2:
  version "5.0.3"
  resolved "https://registry.yarnpkg.com/domhandler/-/domhandler-5.0.3.tgz#cc385f7f751f1d1fc650c21374804254538c7d31"
  integrity sha512-cgwlv/1iFQiFnU96XXgROh8xTeetsnJiDsTc7TYCLFd9+/WNkIqPTxiM/8pSd8VIrhXGTf1Ny1q1hquVqDJB5w==
  dependencies:
    domelementtype "^2.3.0"

domutils@^3.0.1:
  version "3.0.1"
  resolved "https://registry.yarnpkg.com/domutils/-/domutils-3.0.1.tgz#696b3875238338cb186b6c0612bd4901c89a4f1c"
  integrity sha512-z08c1l761iKhDFtfXO04C7kTdPBLi41zwOZl00WS8b5eiaebNpY00HKbztwBq+e3vyqWNwWF3mP9YLUeqIrF+Q==
  dependencies:
    dom-serializer "^2.0.0"
    domelementtype "^2.3.0"
    domhandler "^5.0.1"

entities@^4.2.0, entities@^4.3.0:
  version "4.4.0"
  resolved "https://registry.yarnpkg.com/entities/-/entities-4.4.0.tgz#97bdaba170339446495e653cfd2db78962900174"
  integrity sha512-oYp7156SP8LkeGD0GF85ad1X9Ai79WtRsZ2gxJqtBuzH+98YUV6jkHEKlZkMbcrjJjIVJNIDP/3WL9wQkoPbWA==

fast-deep-equal@^3.1.3:
  version "3.1.3"
  resolved "https://registry.yarnpkg.com/fast-deep-equal/-/fast-deep-equal-3.1.3.tgz#3a7d56b559d6cbc3eb512325244e619a65c6c525"
  integrity sha512-f3qQ9oQy9j2AhBe/H9VC91wLmKBCCU/gDOnKNAYG5hswO7BLKj09Hc5HYNz9cGI++xlpDCIgDaitVs03ATR84Q==

follow-redirects@^1.15.0:
  version "1.15.2"
  resolved "https://registry.yarnpkg.com/follow-redirects/-/follow-redirects-1.15.2.tgz#b460864144ba63f2681096f274c4e57026da2c13"
  integrity sha512-VQLG33o04KaQ8uYi2tVNbdrWp1QWxNNea+nmIB4EVM28v0hmP17z7aG1+wAkNzVq4KeXTq3221ye5qTJP91JwA==

form-data@^4.0.0:
  version "4.0.0"
  resolved "https://registry.yarnpkg.com/form-data/-/form-data-4.0.0.tgz#93919daeaf361ee529584b9b31664dc12c9fa452"
  integrity sha512-ETEklSGi5t0QMZuiXoA/Q6vcnxcLQP5vdugSpuAyi6SVGi2clPPp+xgEhuMaHC+zGgn31Kd235W35f7Hykkaww==
  dependencies:
    asynckit "^0.4.0"
    combined-stream "^1.0.8"
    mime-types "^2.1.12"

html-dom-parser@3.1.3:
  version "3.1.3"
  resolved "https://registry.yarnpkg.com/html-dom-parser/-/html-dom-parser-3.1.3.tgz#ba87ca379f2817ca733523cac55c90de6bac43dd"
  integrity sha512-fI0yyNlIeSboxU+jnrA4v8qj4+M8SI9/q6AKYdwCY2qki22UtKCDTxvagHniECu7sa5/o2zFRdLleA67035lsA==
  dependencies:
    domhandler "5.0.3"
    htmlparser2 "8.0.1"

html-react-parser@^3.0.8:
  version "3.0.8"
  resolved "https://registry.yarnpkg.com/html-react-parser/-/html-react-parser-3.0.8.tgz#d0bb3cea8c1db7a687b51138dfd54f31a0c8e1aa"
  integrity sha512-eIxPq/3Ja3+nZkx6X/BNpFy0lNuW+v3V4nzABzuL8KkRVdYY/2KyXO42epKonsEVVRSBxm2zsxWcOkT6fYL+iQ==
  dependencies:
    domhandler "5.0.3"
    html-dom-parser "3.1.3"
    react-property "2.0.0"
    style-to-js "1.1.3"

htmlparser2@8.0.1:
  version "8.0.1"
  resolved "https://registry.yarnpkg.com/htmlparser2/-/htmlparser2-8.0.1.tgz#abaa985474fcefe269bc761a779b544d7196d010"
  integrity sha512-4lVbmc1diZC7GUJQtRQ5yBAeUCL1exyMwmForWkRLnwyzWBFxN633SALPMGYaWZvKe9j1pRZJpauvmxENSp/EA==
  dependencies:
    domelementtype "^2.3.0"
    domhandler "^5.0.2"
    domutils "^3.0.1"
    entities "^4.3.0"

inline-style-parser@0.1.1:
  version "0.1.1"
  resolved "https://registry.yarnpkg.com/inline-style-parser/-/inline-style-parser-0.1.1.tgz#ec8a3b429274e9c0a1f1c4ffa9453a7fef72cea1"
  integrity sha512-7NXolsK4CAS5+xvdj5OMMbI962hU/wvwoxk+LWR9Ek9bVtyuuYScDN6eS0rUm6TxApFpw7CX1o4uJzcd4AyD3Q==

invariant@2.2.4:
  version "2.2.4"
  resolved "https://registry.yarnpkg.com/invariant/-/invariant-2.2.4.tgz#610f3c92c9359ce1db616e538008d23ff35158e6"
  integrity sha512-phJfQVBuaJM5raOpJjSfkiD6BpbCE4Ns//LaXl6wGYtUBY83nWS6Rf9tXm2e8VaK60JEjYldbPif/A2B1C2gNA==
  dependencies:
    loose-envify "^1.0.0"

"js-tokens@^3.0.0 || ^4.0.0":
  version "4.0.0"
  resolved "https://registry.yarnpkg.com/js-tokens/-/js-tokens-4.0.0.tgz#19203fb59991df98e3a287050d4647cdeaf32499"
  integrity sha512-RdJUflcE3cUzKiMqQgsCu06FPu9UdIJO0beYbPhHN4k6apgJtifcoCtT9bcxOpYBtpD2kCM6Sbzg4CausW/PKQ==

kdbush@^3.0.0:
  version "3.0.0"
  resolved "https://registry.yarnpkg.com/kdbush/-/kdbush-3.0.0.tgz#f8484794d47004cc2d85ed3a79353dbe0abc2bf0"
  integrity sha512-hRkd6/XW4HTsA9vjVpY9tuXJYLSlelnkTmVFu4M9/7MIYQtFcHpbugAU7UbOfjOiVSVYl2fqgBuJ32JUmRo5Ew==

loose-envify@^1.0.0:
  version "1.4.0"
  resolved "https://registry.yarnpkg.com/loose-envify/-/loose-envify-1.4.0.tgz#71ee51fa7be4caec1a63839f7e682d8132d30caf"
  integrity sha512-lyuxPGr/Wfhrlem2CL/UcnUc1zcqKAImBDzukY7Y5F/yQiNdko6+fRLevlw1HgMySw7f611UIY408EtxRSoK3Q==
  dependencies:
    js-tokens "^3.0.0 || ^4.0.0"

mime-db@1.52.0:
  version "1.52.0"
  resolved "https://registry.yarnpkg.com/mime-db/-/mime-db-1.52.0.tgz#bbabcdc02859f4987301c856e3387ce5ec43bf70"
  integrity sha512-sPU4uV7dYlvtWJxwwxHD0PuihVNiE7TyAbQ5SWxDCB9mUYvOgroQOwYQQOKPJ8CIbE+1ETVlOoK1UC2nU3gYvg==

mime-types@^2.1.12:
  version "2.1.35"
  resolved "https://registry.yarnpkg.com/mime-types/-/mime-types-2.1.35.tgz#381a871b62a734450660ae3deee44813f70d959a"
  integrity sha512-ZDY+bPm5zTTF+YpCrAU9nK0UgICYPT0QtT1NZWFv4s++TNkcgVaT0g6+4R2uI4MjQjzysHB1zxuWL50hzaeXiw==
  dependencies:
    mime-db "1.52.0"

proxy-from-env@^1.1.0:
  version "1.1.0"
  resolved "https://registry.yarnpkg.com/proxy-from-env/-/proxy-from-env-1.1.0.tgz#e102f16ca355424865755d2c9e8ea4f24d58c3e2"
  integrity sha512-D+zkORCbA9f1tdWRK0RaCR3GPv50cMxcrz4X8k5LTSUD1Dkw47mKJEZQNunItRTkWwgtaUSo1RVFRIG9ZXiFYg==

react-property@2.0.0:
  version "2.0.0"
  resolved "https://registry.yarnpkg.com/react-property/-/react-property-2.0.0.tgz#2156ba9d85fa4741faf1918b38efc1eae3c6a136"
  integrity sha512-kzmNjIgU32mO4mmH5+iUyrqlpFQhF8K2k7eZ4fdLSOPFrD1XgEuSBv9LDEgxRXTMBqMd8ppT0x6TIzqE5pdGdw==

style-to-js@1.1.3:
  version "1.1.3"
  resolved "https://registry.yarnpkg.com/style-to-js/-/style-to-js-1.1.3.tgz#2012d75dc89bf400edc29c545ed61c8626b00184"
  integrity sha512-zKI5gN/zb7LS/Vm0eUwjmjrXWw8IMtyA8aPBJZdYiQTXj4+wQ3IucOLIOnF7zCHxvW8UhIGh/uZh/t9zEHXNTQ==
  dependencies:
    style-to-object "0.4.1"

style-to-object@0.4.1:
  version "0.4.1"
  resolved "https://registry.yarnpkg.com/style-to-object/-/style-to-object-0.4.1.tgz#53cf856f7cf7f172d72939d9679556469ba5de37"
  integrity sha512-HFpbb5gr2ypci7Qw+IOhnP2zOU7e77b+rzM+wTzXzfi1PrtBCX0E7Pk4wL4iTLnhzZ+JgEGAhX81ebTg/aYjQw==
  dependencies:
    inline-style-parser "0.1.1"

supercluster@^7.1.3:
  version "7.1.5"
  resolved "https://registry.yarnpkg.com/supercluster/-/supercluster-7.1.5.tgz#65a6ce4a037a972767740614c19051b64b8be5a3"
  integrity sha512-EulshI3pGUM66o6ZdH3ReiFcvHpM3vAigyK+vcxdjpJyEbIIrtbmBdY23mGgnI24uXiGFvrGq9Gkum/8U7vJWg==
  dependencies:
    kdbush "^3.0.0"
